
Microsoft Visual Studio Solution File, Format Version 12.00
# Visual Studio Version 16
VisualStudioVersion = 16.0.29215.179
MinimumVisualStudioVersion = 10.0.40219.1
Project("{9A19103F-16F7-4668-BE54-9A1E7A4F7556}") = "CSharp", "CSharp\CSharp.csproj", "{29EB4B38-ADC5-4E65-8D2B-C9EB753367A1}"
EndProject
Project("{2150E333-8FDC-42A3-9474-1A3956D46DE8}") = "Data", "Data", "{BA8930E7-D60A-4419-A374-BB07546E1B78}"
	ProjectSection(SolutionItems) = preProject
		Data\trainingsample.csv = Data\trainingsample.csv
		Data\validationsample.csv = Data\validationsample.csv
	EndProjectSection
EndProject
Global
	GlobalSection(SolutionConfigurationPlatforms) = preSolution
		Debug|Any CPU = Debug|Any CPU
		Release|Any CPU = Release|Any CPU
	EndGlobalSection
	GlobalSection(ProjectConfigurationPlatforms) = postSolution
		{29EB4B38-ADC5-4E65-8D2B-C9EB753367A1}.Debug|Any CPU.ActiveCfg = Debug|Any CPU
		{29EB4B38-ADC5-4E65-8D2B-C9EB753367A1}.Debug|Any CPU.Build.0 = Debug|Any CPU
		{29EB4B38-ADC5-4E65-8D2B-C9EB753367A1}.Release|Any CPU.ActiveCfg = Release|Any CPU
		{29EB4B38-ADC5-4E65-8D2B-C9EB753367A1}.Release|Any CPU.Build.0 = Release|Any CPU
	EndGlobalSection
	GlobalSection(SolutionProperties) = preSolution
		HideSolutionNode = FALSE
	EndGlobalSection
	GlobalSection(ExtensibilityGlobals) = postSolution
		SolutionGuid = {16A0507A-47B3-4707-B1A9-411FFFF4765D}
	EndGlobalSection
EndGlobal
